
Microsoft Visual Studio Solution File, Format Version 12.00
# Visual Studio Version 16
VisualStudioVersion = 16.0.29025.244
MinimumVisualStudioVersion = 10.0.40219.1
Project("{FAE04EC0-301F-11D3-BF4B-00C04F79EFBC}") = "Othello", "Othello.csproj", "{84DEA874-398B-45E5-9E4E-0B7FF3A6E680}"
EndProject
Global
	GlobalSection(SolutionConfigurationPlatforms) = preSolution
		Debug|Any CPU = Debug|Any CPU
		Release|Any CPU = Release|Any CPU
	EndGlobalSection
	GlobalSection(ProjectConfigurationPlatforms) = postSolution
		{84DEA874-398B-45E5-9E4E-0B7FF3A6E680}.Debug|Any CPU.ActiveCfg = Debug|Any CPU
		{84DEA874-398B-45E5-9E4E-0B7FF3A6E680}.Debug|Any CPU.Build.0 = Debug|Any CPU
		{84DEA874-398B-45E5-9E4E-0B7FF3A6E680}.Release|Any CPU.ActiveCfg = Release|Any CPU
		{84DEA874-398B-45E5-9E4E-0B7FF3A6E680}.Release|Any CPU.Build.0 = Release|Any CPU
	EndGlobalSection
	GlobalSection(SolutionProperties) = preSolution
		HideSolutionNode = FALSE
	EndGlobalSection
	GlobalSection(ExtensibilityGlobals) = postSolution
		SolutionGuid = {F3F23204-357B-4787-84E1-E5CE85F3A7D6}
	EndGlobalSection
EndGlobal
